
Microsoft Visual Studio Solution File, Format Version 12.00
# Visual Studio Version 17
VisualStudioVersion = 17.4.33205.214
MinimumVisualStudioVersion = 10.0.40219.1
Project("{FAE04EC0-301F-11D3-BF4B-00C04F79EFBC}") = "ALX.Workspace", "ALX.Workspace\ALX.Workspace.csproj", "{3EF6322B-EBA1-439A-B509-247022B134DB}"
EndProject
Project("{FAE04EC0-301F-11D3-BF4B-00C04F79EFBC}") = "ALX.Workspace.Console", "ALX.Workspace.Console\ALX.Workspace.Console.csproj", "{02BB412A-4667-4148-8AFB-36354B78F0D1}"
EndProject
Global
	GlobalSection(SolutionConfigurationPlatforms) = preSolution
		Debug|Any CPU = Debug|Any CPU
		Release|Any CPU = Release|Any CPU
	EndGlobalSection
	GlobalSection(ProjectConfigurationPlatforms) = postSolution
		{3EF6322B-EBA1-439A-B509-247022B134DB}.Debug|Any CPU.ActiveCfg = Debug|Any CPU
		{3EF6322B-EBA1-439A-B509-247022B134DB}.Debug|Any CPU.Build.0 = Debug|Any CPU
		{3EF6322B-EBA1-439A-B509-247022B134DB}.Release|Any CPU.ActiveCfg = Release|Any CPU
		{3EF6322B-EBA1-439A-B509-247022B134DB}.Release|Any CPU.Build.0 = Release|Any CPU
		{02BB412A-4667-4148-8AFB-36354B78F0D1}.Debug|Any CPU.ActiveCfg = Debug|Any CPU
		{02BB412A-4667-4148-8AFB-36354B78F0D1}.Debug|Any CPU.Build.0 = Debug|Any CPU
		{02BB412A-4667-4148-8AFB-36354B78F0D1}.Release|Any CPU.ActiveCfg = Release|Any CPU
		{02BB412A-4667-4148-8AFB-36354B78F0D1}.Release|Any CPU.Build.0 = Release|Any CPU
	EndGlobalSection
	GlobalSection(SolutionProperties) = preSolution
		HideSolutionNode = FALSE
	EndGlobalSection
	GlobalSection(ExtensibilityGlobals) = postSolution
		SolutionGuid = {17565147-57D1-48B7-8CB1-F350EF553E65}
	EndGlobalSection
EndGlobal
